
Microsoft Visual Studio Solution File, Format Version 12.00
# Visual Studio 2012
Project("{FAE04EC0-301F-11D3-BF4B-00C04F79EFBC}") = "PharmacyApp.Client", "PharmacyApp.Client\PharmacyApp.Client.csproj", "{B0B6E202-C95B-4CF6-A917-A546436B1BC1}"
EndProject
Project("{FAE04EC0-301F-11D3-BF4B-00C04F79EFBC}") = "PharmacyApp.Client.ServiceClients", "PharmacyApp.Client.ServiceClients\PharmacyApp.Client.ServiceClients.csproj", "{04C30742-56C6-4C6F-97E5-09454C181589}"
EndProject
Global
	GlobalSection(SolutionConfigurationPlatforms) = preSolution
		Debug|Any CPU = Debug|Any CPU
		Release|Any CPU = Release|Any CPU
	EndGlobalSection
	GlobalSection(ProjectConfigurationPlatforms) = postSolution
		{B0B6E202-C95B-4CF6-A917-A546436B1BC1}.Debug|Any CPU.ActiveCfg = Debug|Any CPU
		{B0B6E202-C95B-4CF6-A917-A546436B1BC1}.Debug|Any CPU.Build.0 = Debug|Any CPU
		{B0B6E202-C95B-4CF6-A917-A546436B1BC1}.Release|Any CPU.ActiveCfg = Release|Any CPU
		{B0B6E202-C95B-4CF6-A917-A546436B1BC1}.Release|Any CPU.Build.0 = Release|Any CPU
		{04C30742-56C6-4C6F-97E5-09454C181589}.Debug|Any CPU.ActiveCfg = Debug|Any CPU
		{04C30742-56C6-4C6F-97E5-09454C181589}.Debug|Any CPU.Build.0 = Debug|Any CPU
		{04C30742-56C6-4C6F-97E5-09454C181589}.Release|Any CPU.ActiveCfg = Release|Any CPU
		{04C30742-56C6-4C6F-97E5-09454C181589}.Release|Any CPU.Build.0 = Release|Any CPU
	EndGlobalSection
	GlobalSection(SolutionProperties) = preSolution
		HideSolutionNode = FALSE
	EndGlobalSection
EndGlobal
